
Microsoft Visual Studio Solution File, Format Version 12.00
# Visual Studio Version 17
VisualStudioVersion = 17.6.33829.357
MinimumVisualStudioVersion = 10.0.40219.1
Project("{FAE04EC0-301F-11D3-BF4B-00C04F79EFBC}") = "CursoOOP", "CursoOOP\CursoOOP.csproj", "{30159355-6F0E-47F3-A355-2C85974F7705}"
EndProject
Global
	GlobalSection(SolutionConfigurationPlatforms) = preSolution
		Debug|Any CPU = Debug|Any CPU
		Release|Any CPU = Release|Any CPU
	EndGlobalSection
	GlobalSection(ProjectConfigurationPlatforms) = postSolution
		{30159355-6F0E-47F3-A355-2C85974F7705}.Debug|Any CPU.ActiveCfg = Debug|Any CPU
		{30159355-6F0E-47F3-A355-2C85974F7705}.Debug|Any CPU.Build.0 = Debug|Any CPU
		{30159355-6F0E-47F3-A355-2C85974F7705}.Release|Any CPU.ActiveCfg = Release|Any CPU
		{30159355-6F0E-47F3-A355-2C85974F7705}.Release|Any CPU.Build.0 = Release|Any CPU
	EndGlobalSection
	GlobalSection(SolutionProperties) = preSolution
		HideSolutionNode = FALSE
	EndGlobalSection
	GlobalSection(ExtensibilityGlobals) = postSolution
		SolutionGuid = {C98F0BAF-3B8E-422E-9A61-DE5485CE94DC}
	EndGlobalSection
EndGlobal
